Microsoft Visual Studio Solution File, Format Version 12.00
# Visual Studio Version 17
VisualStudioVersion = 17.0.31903.59
MinimumVisualStudioVersion = 10.0.40219.1
Project("{2150E333-8FDC-42A3-9474-1A3956D46DE8}") = "src", "src", "{4A8B1F2C-5E3D-4F9A-8B7C-1D2E3F4A5B6C}"
EndProject
Project("{FAE04EC0-301F-11D3-BF4B-00C04F79EFBC}") = "Baba.Chatbot.Api", "src\Baba.Chatbot.Api\Baba.Chatbot.Api.csproj", "{A1B2C3D4-E5F6-4A5B-9C8D-1E2F3A4B5C6D}"
EndProject
Project("{FAE04EC0-301F-11D3-BF4B-00C04F79EFBC}") = "Baba.Chatbot.Application", "src\Baba.Chatbot.Application\Baba.Chatbot.Application.csproj", "{B2C3D4E5-F6A7-5B6C-AD9E-2F3A4B5C6D7E}"
EndProject
Project("{FAE04EC0-301F-11D3-BF4B-00C04F79EFBC}") = "Baba.Chatbot.Domain", "src\Baba.Chatbot.Domain\Baba.Chatbot.Domain.csproj", "{C3D4E5F6-A7B8-6C7D-BE0F-3A4B5C6D7E8F}"
EndProject
Project("{FAE04EC0-301F-11D3-BF4B-00C04F79EFBC}") = "Baba.Chatbot.Integrations", "src\Baba.Chatbot.Integrations\Baba.Chatbot.Integrations.csproj", "{D146EDDF-2EBB-4A94-92DA-9EDA1250DF2F}"
EndProject
Global
	GlobalSection(SolutionConfigurationPlatforms) = preSolution
		Debug|Any CPU = Debug|Any CPU
		Release|Any CPU = Release|Any CPU
	EndGlobalSection
	GlobalSection(ProjectConfigurationPlatforms) = postSolution
		{A1B2C3D4-E5F6-4A5B-9C8D-1E2F3A4B5C6D}.Debug|Any CPU.ActiveCfg = Debug|Any CPU
		{A1B2C3D4-E5F6-4A5B-9C8D-1E2F3A4B5C6D}.Debug|Any CPU.Build.0 = Debug|Any CPU
		{A1B2C3D4-E5F6-4A5B-9C8D-1E2F3A4B5C6D}.Release|Any CPU.ActiveCfg = Release|Any CPU
		{A1B2C3D4-E5F6-4A5B-9C8D-1E2F3A4B5C6D}.Release|Any CPU.Build.0 = Release|Any CPU
		{B2C3D4E5-F6A7-5B6C-AD9E-2F3A4B5C6D7E}.Debug|Any CPU.ActiveCfg = Debug|Any CPU
		{B2C3D4E5-F6A7-5B6C-AD9E-2F3A4B5C6D7E}.Debug|Any CPU.Build.0 = Debug|Any CPU
		{B2C3D4E5-F6A7-5B6C-AD9E-2F3A4B5C6D7E}.Release|Any CPU.ActiveCfg = Release|Any CPU
		{B2C3D4E5-F6A7-5B6C-AD9E-2F3A4B5C6D7E}.Release|Any CPU.Build.0 = Release|Any CPU
		{C3D4E5F6-A7B8-6C7D-BE0F-3A4B5C6D7E8F}.Debug|Any CPU.ActiveCfg = Debug|Any CPU
		{C3D4E5F6-A7B8-6C7D-BE0F-3A4B5C6D7E8F}.Debug|Any CPU.Build.0 = Debug|Any CPU
		{C3D4E5F6-A7B8-6C7D-BE0F-3A4B5C6D7E8F}.Release|Any CPU.ActiveCfg = Release|Any CPU
		{C3D4E5F6-A7B8-6C7D-BE0F-3A4B5C6D7E8F}.Release|Any CPU.Build.0 = Release|Any CPU
		{D146EDDF-2EBB-4A94-92DA-9EDA1250DF2F}.Debug|Any CPU.ActiveCfg = Debug|Any CPU
		{D146EDDF-2EBB-4A94-92DA-9EDA1250DF2F}.Debug|Any CPU.Build.0 = Debug|Any CPU
		{D146EDDF-2EBB-4A94-92DA-9EDA1250DF2F}.Release|Any CPU.ActiveCfg = Release|Any CPU
		{D146EDDF-2EBB-4A94-92DA-9EDA1250DF2F}.Release|Any CPU.Build.0 = Release|Any CPU
	EndGlobalSection
	GlobalSection(SolutionProperties) = preSolution
		HideSolutionNode = FALSE
	EndGlobalSection
	GlobalSection(NestedProjects) = preSolution
		{A1B2C3D4-E5F6-4A5B-9C8D-1E2F3A4B5C6D} = {4A8B1F2C-5E3D-4F9A-8B7C-1D2E3F4A5B6C}
		{B2C3D4E5-F6A7-5B6C-AD9E-2F3A4B5C6D7E} = {4A8B1F2C-5E3D-4F9A-8B7C-1D2E3F4A5B6C}
		{C3D4E5F6-A7B8-6C7D-BE0F-3A4B5C6D7E8F} = {4A8B1F2C-5E3D-4F9A-8B7C-1D2E3F4A5B6C}
	EndGlobalSection
EndGlobal
